
Microsoft Visual Studio Solution File, Format Version 12.00
# Visual Studio Version 17
VisualStudioVersion = 17.7.34202.233
MinimumVisualStudioVersion = 10.0.40219.1
Project("{FAE04EC0-301F-11D3-BF4B-00C04F79EFBC}") = "WepAPI", "WepAPI\WepAPI.csproj", "{4C3C147D-060F-4506-BC6D-617216E81C87}"
EndProject
Project("{FAE04EC0-301F-11D3-BF4B-00C04F79EFBC}") = "Library-Wep", "Library-Wep\Library-Wep.csproj", "{CA5EB809-EC3B-46ED-85E4-8990E8A360C3}"
EndProject
Global
	GlobalSection(SolutionConfigurationPlatforms) = preSolution
		Debug|Any CPU = Debug|Any CPU
		Release|Any CPU = Release|Any CPU
	EndGlobalSection
	GlobalSection(ProjectConfigurationPlatforms) = postSolution
		{4C3C147D-060F-4506-BC6D-617216E81C87}.Debug|Any CPU.ActiveCfg = Debug|Any CPU
		{4C3C147D-060F-4506-BC6D-617216E81C87}.Debug|Any CPU.Build.0 = Debug|Any CPU
		{4C3C147D-060F-4506-BC6D-617216E81C87}.Release|Any CPU.ActiveCfg = Release|Any CPU
		{4C3C147D-060F-4506-BC6D-617216E81C87}.Release|Any CPU.Build.0 = Release|Any CPU
		{CA5EB809-EC3B-46ED-85E4-8990E8A360C3}.Debug|Any CPU.ActiveCfg = Debug|Any CPU
		{CA5EB809-EC3B-46ED-85E4-8990E8A360C3}.Debug|Any CPU.Build.0 = Debug|Any CPU
		{CA5EB809-EC3B-46ED-85E4-8990E8A360C3}.Release|Any CPU.ActiveCfg = Release|Any CPU
		{CA5EB809-EC3B-46ED-85E4-8990E8A360C3}.Release|Any CPU.Build.0 = Release|Any CPU
	EndGlobalSection
	GlobalSection(SolutionProperties) = preSolution
		HideSolutionNode = FALSE
	EndGlobalSection
	GlobalSection(ExtensibilityGlobals) = postSolution
		SolutionGuid = {65528770-E761-49F1-AEE6-0EBA8146C3CC}
	EndGlobalSection
EndGlobal
